
Microsoft Visual Studio Solution File, Format Version 12.00
#
Project("{FAE04EC0-301F-11D3-BF4B-00C04F79EFBC}") = "HacatonMax.WebHost", "HacatonMax.WebHost\HacatonMax.WebHost.csproj", "{539E0DA0-70E1-467B-981C-0E36FDC557E0}"
EndProject
Project("{FAE04EC0-301F-11D3-BF4B-00C04F79EFBC}") = "HacatonMax.MaxClient", "HacatonMax.MaxClient\HacatonMax.MaxClient.csproj", "{DE2FCECF-4B2D-4CA0-8750-F476B982A898}"
EndProject
Project("{FAE04EC0-301F-11D3-BF4B-00C04F79EFBC}") = "HacatonMax.Bot", "HacatonMax.Bot\HacatonMax.Bot.csproj", "{4F925E52-610D-4368-A679-D30627A7E864}"
EndProject
Project("{FAE04EC0-301F-11D3-BF4B-00C04F79EFBC}") = "HacatonMax.University.StudentsProject", "HacatonMax.University.StudentsProject\HacatonMax.University.StudentsProject.csproj", "{C6E7CB20-A695-4A97-AC06-E5B6D7DC1EDA}"
EndProject
Project("{2150E333-8FDC-42A3-9474-1A3956D46DE8}") = "Solution Items", "Solution Items", "{7AEC09F4-297A-4D5C-A36C-E20BB2E44C3A}"
	ProjectSection(SolutionItems) = preProject
		compose.yaml = compose.yaml
	EndProjectSection
EndProject
Project("{FAE04EC0-301F-11D3-BF4B-00C04F79EFBC}") = "HacatonMax.University.Events", "HacatonMax.University.Events\HacatonMax.University.Events.csproj", "{8673BF6D-256A-4872-889F-3F8C217232CF}"
EndProject
Project("{FAE04EC0-301F-11D3-BF4B-00C04F79EFBC}") = "HacatonMax.University.Library", "HacatonMax.University.Library\HacatonMax.University.Library.csproj", "{28AB2ADD-EF57-4276-8823-29CB5C4B270D}"
EndProject
Project("{FAE04EC0-301F-11D3-BF4B-00C04F79EFBC}") = "HacatonMax.University.Auth", "HacatonMax.University.Auth\HacatonMax.University.Auth.csproj", "{FA745D80-7A97-40AB-8BE6-4888BD23ED44}"
EndProject
Project("{FAE04EC0-301F-11D3-BF4B-00C04F79EFBC}") = "HacatonMax.Common", "HacatonMax.Common\HacatonMax.Common.csproj", "{F113F8DD-5FEA-40F6-BBE2-58593BA5F25D}"
EndProject
Project("{2150E333-8FDC-42A3-9474-1A3956D46DE8}") = "AdminService", "AdminService", "{3FBAC9D7-1496-4129-8A9F-32F316C7B456}"
EndProject
Project("{FAE04EC0-301F-11D3-BF4B-00C04F79EFBC}") = "HacatonMax.Admin", "HacatonMax.Admin\HacatonMax.Admin.csproj", "{5E824EBB-3787-4AD7-8DCD-1E0A0BBB2861}"
EndProject
Project("{FAE04EC0-301F-11D3-BF4B-00C04F79EFBC}") = "HacatonMax.University.UsersManager", "HacatonMax.University.UsersManager\HacatonMax.University.UsersManager.csproj", "{45E8C7E8-8052-4AFC-BBF0-ED4F04311BC8}"
EndProject
Project("{FAE04EC0-301F-11D3-BF4B-00C04F79EFBC}") = "HacatonMax.University.Structure", "HacatonMax.University.Structure\HacatonMax.University.Structure.csproj", "{0C549D93-C509-4982-8C54-A54918422D95}"
EndProject
Project("{FAE04EC0-301F-11D3-BF4B-00C04F79EFBC}") = "HacatonMax.University.StudentsProject.Tests", "HacatonMax.University.StudentsProject.Tests\HacatonMax.University.StudentsProject.Tests.csproj", "{88965368-4A11-4C86-A2F4-7462B066FCE3}"
EndProject
Project("{2150E333-8FDC-42A3-9474-1A3956D46DE8}") = "tests", "tests", "{1A7CEC2E-E4DF-44BB-B3F8-63C1C981A05D}"
EndProject
Project("{FAE04EC0-301F-11D3-BF4B-00C04F79EFBC}") = "HacatonMax.Admin.Integration", "HacatonMax.Admin.Integration\HacatonMax.Admin.Integration.csproj", "{33BA0207-2B03-4CCE-8A5F-444367A3A4D1}"
EndProject
Project("{2150E333-8FDC-42A3-9474-1A3956D46DE8}") = "AuthService", "AuthService", "{E17A36A2-3FE2-4CB6-90A8-6898FCFFF433}"
EndProject
Project("{2150E333-8FDC-42A3-9474-1A3956D46DE8}") = "UniversityTenant", "UniversityTenant", "{70C17E54-6A64-4D7C-AA9D-B467B36FFE2B}"
EndProject
Global
	GlobalSection(SolutionConfigurationPlatforms) = preSolution
		Debug|Any CPU = Debug|Any CPU
		Release|Any CPU = Release|Any CPU
	EndGlobalSection
	GlobalSection(ProjectConfigurationPlatforms) = postSolution
		{539E0DA0-70E1-467B-981C-0E36FDC557E0}.Debug|Any CPU.ActiveCfg = Debug|Any CPU
		{539E0DA0-70E1-467B-981C-0E36FDC557E0}.Debug|Any CPU.Build.0 = Debug|Any CPU
		{539E0DA0-70E1-467B-981C-0E36FDC557E0}.Release|Any CPU.ActiveCfg = Release|Any CPU
		{539E0DA0-70E1-467B-981C-0E36FDC557E0}.Release|Any CPU.Build.0 = Release|Any CPU
		{DE2FCECF-4B2D-4CA0-8750-F476B982A898}.Debug|Any CPU.ActiveCfg = Debug|Any CPU
		{DE2FCECF-4B2D-4CA0-8750-F476B982A898}.Debug|Any CPU.Build.0 = Debug|Any CPU
		{DE2FCECF-4B2D-4CA0-8750-F476B982A898}.Release|Any CPU.ActiveCfg = Release|Any CPU
		{DE2FCECF-4B2D-4CA0-8750-F476B982A898}.Release|Any CPU.Build.0 = Release|Any CPU
		{4F925E52-610D-4368-A679-D30627A7E864}.Debug|Any CPU.ActiveCfg = Debug|Any CPU
		{4F925E52-610D-4368-A679-D30627A7E864}.Debug|Any CPU.Build.0 = Debug|Any CPU
		{4F925E52-610D-4368-A679-D30627A7E864}.Release|Any CPU.ActiveCfg = Release|Any CPU
		{4F925E52-610D-4368-A679-D30627A7E864}.Release|Any CPU.Build.0 = Release|Any CPU
		{C6E7CB20-A695-4A97-AC06-E5B6D7DC1EDA}.Debug|Any CPU.ActiveCfg = Debug|Any CPU
		{C6E7CB20-A695-4A97-AC06-E5B6D7DC1EDA}.Debug|Any CPU.Build.0 = Debug|Any CPU
		{C6E7CB20-A695-4A97-AC06-E5B6D7DC1EDA}.Release|Any CPU.ActiveCfg = Release|Any CPU
		{C6E7CB20-A695-4A97-AC06-E5B6D7DC1EDA}.Release|Any CPU.Build.0 = Release|Any CPU
		{8673BF6D-256A-4872-889F-3F8C217232CF}.Debug|Any CPU.ActiveCfg = Debug|Any CPU
		{8673BF6D-256A-4872-889F-3F8C217232CF}.Debug|Any CPU.Build.0 = Debug|Any CPU
		{8673BF6D-256A-4872-889F-3F8C217232CF}.Release|Any CPU.ActiveCfg = Release|Any CPU
		{8673BF6D-256A-4872-889F-3F8C217232CF}.Release|Any CPU.Build.0 = Release|Any CPU
		{28AB2ADD-EF57-4276-8823-29CB5C4B270D}.Debug|Any CPU.ActiveCfg = Debug|Any CPU
		{28AB2ADD-EF57-4276-8823-29CB5C4B270D}.Debug|Any CPU.Build.0 = Debug|Any CPU
		{28AB2ADD-EF57-4276-8823-29CB5C4B270D}.Release|Any CPU.ActiveCfg = Release|Any CPU
		{28AB2ADD-EF57-4276-8823-29CB5C4B270D}.Release|Any CPU.Build.0 = Release|Any CPU
		{FA745D80-7A97-40AB-8BE6-4888BD23ED44}.Debug|Any CPU.ActiveCfg = Debug|Any CPU
		{FA745D80-7A97-40AB-8BE6-4888BD23ED44}.Debug|Any CPU.Build.0 = Debug|Any CPU
		{FA745D80-7A97-40AB-8BE6-4888BD23ED44}.Release|Any CPU.ActiveCfg = Release|Any CPU
		{FA745D80-7A97-40AB-8BE6-4888BD23ED44}.Release|Any CPU.Build.0 = Release|Any CPU
		{F113F8DD-5FEA-40F6-BBE2-58593BA5F25D}.Debug|Any CPU.ActiveCfg = Debug|Any CPU
		{F113F8DD-5FEA-40F6-BBE2-58593BA5F25D}.Debug|Any CPU.Build.0 = Debug|Any CPU
		{F113F8DD-5FEA-40F6-BBE2-58593BA5F25D}.Release|Any CPU.ActiveCfg = Release|Any CPU
		{F113F8DD-5FEA-40F6-BBE2-58593BA5F25D}.Release|Any CPU.Build.0 = Release|Any CPU
		{5E824EBB-3787-4AD7-8DCD-1E0A0BBB2861}.Debug|Any CPU.ActiveCfg = Debug|Any CPU
		{5E824EBB-3787-4AD7-8DCD-1E0A0BBB2861}.Debug|Any CPU.Build.0 = Debug|Any CPU
		{5E824EBB-3787-4AD7-8DCD-1E0A0BBB2861}.Release|Any CPU.ActiveCfg = Release|Any CPU
		{5E824EBB-3787-4AD7-8DCD-1E0A0BBB2861}.Release|Any CPU.Build.0 = Release|Any CPU
		{45E8C7E8-8052-4AFC-BBF0-ED4F04311BC8}.Debug|Any CPU.ActiveCfg = Debug|Any CPU
		{45E8C7E8-8052-4AFC-BBF0-ED4F04311BC8}.Debug|Any CPU.Build.0 = Debug|Any CPU
		{45E8C7E8-8052-4AFC-BBF0-ED4F04311BC8}.Release|Any CPU.ActiveCfg = Release|Any CPU
		{45E8C7E8-8052-4AFC-BBF0-ED4F04311BC8}.Release|Any CPU.Build.0 = Release|Any CPU
		{0C549D93-C509-4982-8C54-A54918422D95}.Debug|Any CPU.ActiveCfg = Debug|Any CPU
		{0C549D93-C509-4982-8C54-A54918422D95}.Debug|Any CPU.Build.0 = Debug|Any CPU
		{0C549D93-C509-4982-8C54-A54918422D95}.Release|Any CPU.ActiveCfg = Release|Any CPU
		{0C549D93-C509-4982-8C54-A54918422D95}.Release|Any CPU.Build.0 = Release|Any CPU
		{88965368-4A11-4C86-A2F4-7462B066FCE3}.Debug|Any CPU.ActiveCfg = Debug|Any CPU
		{88965368-4A11-4C86-A2F4-7462B066FCE3}.Debug|Any CPU.Build.0 = Debug|Any CPU
		{88965368-4A11-4C86-A2F4-7462B066FCE3}.Release|Any CPU.ActiveCfg = Release|Any CPU
		{88965368-4A11-4C86-A2F4-7462B066FCE3}.Release|Any CPU.Build.0 = Release|Any CPU
		{33BA0207-2B03-4CCE-8A5F-444367A3A4D1}.Debug|Any CPU.ActiveCfg = Debug|Any CPU
		{33BA0207-2B03-4CCE-8A5F-444367A3A4D1}.Debug|Any CPU.Build.0 = Debug|Any CPU
		{33BA0207-2B03-4CCE-8A5F-444367A3A4D1}.Release|Any CPU.ActiveCfg = Release|Any CPU
		{33BA0207-2B03-4CCE-8A5F-444367A3A4D1}.Release|Any CPU.Build.0 = Release|Any CPU
	EndGlobalSection
	GlobalSection(NestedProjects) = preSolution
		{5E824EBB-3787-4AD7-8DCD-1E0A0BBB2861} = {3FBAC9D7-1496-4129-8A9F-32F316C7B456}
		{88965368-4A11-4C86-A2F4-7462B066FCE3} = {1A7CEC2E-E4DF-44BB-B3F8-63C1C981A05D}
		{33BA0207-2B03-4CCE-8A5F-444367A3A4D1} = {3FBAC9D7-1496-4129-8A9F-32F316C7B456}
		{FA745D80-7A97-40AB-8BE6-4888BD23ED44} = {E17A36A2-3FE2-4CB6-90A8-6898FCFFF433}
		{4F925E52-610D-4368-A679-D30627A7E864} = {70C17E54-6A64-4D7C-AA9D-B467B36FFE2B}
		{F113F8DD-5FEA-40F6-BBE2-58593BA5F25D} = {70C17E54-6A64-4D7C-AA9D-B467B36FFE2B}
		{DE2FCECF-4B2D-4CA0-8750-F476B982A898} = {70C17E54-6A64-4D7C-AA9D-B467B36FFE2B}
		{8673BF6D-256A-4872-889F-3F8C217232CF} = {70C17E54-6A64-4D7C-AA9D-B467B36FFE2B}
		{28AB2ADD-EF57-4276-8823-29CB5C4B270D} = {70C17E54-6A64-4D7C-AA9D-B467B36FFE2B}
		{0C549D93-C509-4982-8C54-A54918422D95} = {70C17E54-6A64-4D7C-AA9D-B467B36FFE2B}
		{C6E7CB20-A695-4A97-AC06-E5B6D7DC1EDA} = {70C17E54-6A64-4D7C-AA9D-B467B36FFE2B}
		{45E8C7E8-8052-4AFC-BBF0-ED4F04311BC8} = {70C17E54-6A64-4D7C-AA9D-B467B36FFE2B}
		{539E0DA0-70E1-467B-981C-0E36FDC557E0} = {70C17E54-6A64-4D7C-AA9D-B467B36FFE2B}
	EndGlobalSection
EndGlobal
